{
  "object": {
    "pins": [
      {
        "package": "Algebra",
        "repositoryURL": "https://github.com/typelift/Algebra.git",
        "state": {
          "branch": null,
          "revision": "e81a20aa543dd0847897b57073a3f939c2124375",
          "version": "0.2.0"
        }
      },
      {
        "package": "DoctorPretty",
        "repositoryURL": "https://github.com/bkase/DoctorPretty.git",
        "state": {
          "branch": null,
          "revision": "2d0370ade8098dd1e24c08460edc1606eb81a54f",
          "version": "0.3.0"
        }
      },
      {
        "package": "Operadics",
        "repositoryURL": "https://github.com/typelift/Operadics.git",
        "state": {
          "branch": null,
          "revision": "bc8cdd83868c395b7075d0db5e930842172012ec",
          "version": "0.2.3"
        }
      },
      {
        "package": "Prelude",
        "repositoryURL": "https://github.com/pointfreeco/swift-prelude.git",
        "state": {
          "branch": "e4f16b0",
          "revision": "e4f16b0533ee3dd238a69fcb573c4c98ccc81a58",
          "version": null
        }
      },
      {
        "package": "SnapshotTesting",
        "repositoryURL": "https://github.com/pointfreeco/swift-snapshot-testing.git",
        "state": {
          "branch": "f96de1f",
          "revision": "f96de1f722b8b1e23cacf6697a8dab0868c98139",
          "version": null
        }
      },
      {
        "package": "Swiftx",
        "repositoryURL": "https://github.com/typelift/Swiftx.git",
        "state": {
          "branch": null,
          "revision": "32cb9a833cbc69b1ee2ebad2392eca3090b7211c",
          "version": "0.5.3"
        }
      }
    ]
  },
  "version": 1
}
