{
  "object": {
    "pins": [
      {
        "package": "Algebra",
        "repositoryURL": "https://github.com/typelift/Algebra.git",
        "state": {
          "branch": null,
          "revision": "e81a20aa543dd0847897b57073a3f939c2124375",
          "version": "0.2.0"
        }
      },
      {
        "package": "Cryptor",
        "repositoryURL": "https://github.com/IBM-Swift/BlueCryptor.git",
        "state": {
          "branch": null,
          "revision": "1de800d80f22a930e617f7c551a692475f92a23d",
          "version": "0.8.22"
        }
      },
      {
        "package": "CommonCrypto",
        "repositoryURL": "https://github.com/IBM-Swift/CommonCrypto.git",
        "state": {
          "branch": null,
          "revision": "9156d238dbc4c15455b77b45e721b2bb0b995e31",
          "version": "0.1.5"
        }
      },
      {
        "package": "DoctorPretty",
        "repositoryURL": "https://github.com/bkase/DoctorPretty.git",
        "state": {
          "branch": null,
          "revision": "7e1b0fea76e8e81d5e08ccd603d6bbcbdad9931c",
          "version": "0.4.1"
        }
      },
      {
        "package": "FileCheck",
        "repositoryURL": "https://github.com/trill-lang/FileCheck.git",
        "state": {
          "branch": null,
          "revision": "34ea75a35780396a2cfa5019ec799879b48dd960",
          "version": "0.0.6"
        }
      },
      {
        "package": "Operadics",
        "repositoryURL": "https://github.com/typelift/Operadics.git",
        "state": {
          "branch": null,
          "revision": "c2a14919b3653a39a9bf268c1ae0bf71ad6833fe",
          "version": "0.3.0"
        }
      },
      {
        "package": "swift-nio",
        "repositoryURL": "https://github.com/apple/swift-nio.git",
        "state": {
          "branch": null,
          "revision": "a0b7f646fba61402da384b3202f54c27debb5e13",
          "version": "1.3.1"
        }
      },
      {
        "package": "swift-nio-zlib-support",
        "repositoryURL": "https://github.com/apple/swift-nio-zlib-support.git",
        "state": {
          "branch": null,
          "revision": "37760e9a52030bb9011972c5213c3350fa9d41fd",
          "version": "1.0.0"
        }
      },
      {
        "package": "Prelude",
        "repositoryURL": "https://github.com/pointfreeco/swift-prelude.git",
        "state": {
          "branch": "777966e",
          "revision": "777966eb58e7d6e17d4ba24bf05f6d7165c310c2",
          "version": null
        }
      },
      {
        "package": "SnapshotTesting",
        "repositoryURL": "https://github.com/pointfreeco/swift-snapshot-testing.git",
        "state": {
          "branch": "c510e7d",
          "revision": "c510e7d14831ade9b786428a732b06ac2ee71de1",
          "version": null
        }
      },
      {
        "package": "SwiftCheck",
        "repositoryURL": "https://github.com/typelift/SwiftCheck.git",
        "state": {
          "branch": null,
          "revision": "df82fb889864945c64458f38846702af729b3ee4",
          "version": "0.9.1"
        }
      },
      {
        "package": "Swiftx",
        "repositoryURL": "https://github.com/typelift/Swiftx.git",
        "state": {
          "branch": null,
          "revision": "140f1510ecb8597970c58c5a41a32bda72310d31",
          "version": "0.6.0"
        }
      }
    ]
  },
  "version": 1
}
